PODS:
  - LoremIpsum (1.0.0)
  - RevealableCell (2.5)

DEPENDENCIES:
  - LoremIpsum
  - RevealableCell (from `../`)

SPEC REPOS:
  https://github.com/cocoapods/specs.git:
    - LoremIpsum

EXTERNAL SOURCES:
  RevealableCell:
    :path: "../"

SPEC CHECKSUMS:
  LoremIpsum: 9029c55d36501b2ee0b05cc9ecda11d3a0479160
  RevealableCell: 5855e3bd8b07c7eb7b9f6254d4b325278e663a4b

PODFILE CHECKSUM: 2f981192f0db4ffd86e74321fd0221767dc2b2ab

COCOAPODS: 1.6.1
