// !$*UTF8*$!
{
	archiveVersion = 1;
	classes = {
	};
	objectVersion = 46;
	objects = {

/* Begin PBXBuildFile section */
		54D217BF18EF5A4500A19583 /* Foundation.framework in Frameworks */ = {isa = PBXBuildFile; fileRef = 54D217BE18EF5A4500A19583 /* Foundation.framework */; };
		54D217C118EF5A4500A19583 /* CoreGraphics.framework in Frameworks */ = {isa = PBXBuildFile; fileRef = 54D217C018EF5A4500A19583 /* CoreGraphics.framework */; };
		54D217C318EF5A4500A19583 /* UIKit.framework in Frameworks */ = {isa = PBXBuildFile; fileRef = 54D217C218EF5A4500A19583 /* UIKit.framework */; };
		54D217C918EF5A4500A19583 /* InfoPlist.strings in Resources */ = {isa = PBXBuildFile; fileRef = 54D217C718EF5A4500A19583 /* InfoPlist.strings */; };
		54D217CB18EF5A4500A19583 /* main.m in Sources */ = {isa = PBXBuildFile; fileRef = 54D217CA18EF5A4500A19583 /* main.m */; };
		54D217CF18EF5A4500A19583 /* SPXAppDelegate.m in Sources */ = {isa = PBXBuildFile; fileRef = 54D217CE18EF5A4500A19583 /* SPXAppDelegate.m */; };
		54D217D118EF5A4500A19583 /* Images.xcassets in Resources */ = {isa = PBXBuildFile; fileRef = 54D217D018EF5A4500A19583 /* Images.xcassets */; };
		54D217D818EF5A4500A19583 /* XCTest.framework in Frameworks */ = {isa = PBXBuildFile; fileRef = 54D217D718EF5A4500A19583 /* XCTest.framework */; };
		54D217D918EF5A4500A19583 /* Foundation.framework in Frameworks */ = {isa = PBXBuildFile; fileRef = 54D217BE18EF5A4500A19583 /* Foundation.framework */; };
		54D217DA18EF5A4500A19583 /* UIKit.framework in Frameworks */ = {isa = PBXBuildFile; fileRef = 54D217C218EF5A4500A19583 /* UIKit.framework */; };
		54D217E218EF5A4500A19583 /* InfoPlist.strings in Resources */ = {isa = PBXBuildFile; fileRef = 54D217E018EF5A4500A19583 /* InfoPlist.strings */; };
		54D217E418EF5A4500A19583 /* iMessageStyleRevealTests.m in Sources */ = {isa = PBXBuildFile; fileRef = 54D217E318EF5A4500A19583 /* iMessageStyleRevealTests.m */; };
/* End PBXBuildFile section */

/* Begin PBXContainerItemProxy section */
		54D217DB18EF5A4500A19583 /* PBXContainerItemProxy */ = {
			isa = PBXContainerItemProxy;
			containerPortal = 54D217B318EF5A4500A19583 /* Project object */;
			proxyType = 1;
			remoteGlobalIDString = 54D217BA18EF5A4500A19583;
			remoteInfo = iMessageStyleReveal;
		};
/* End PBXContainerItemProxy section */

/* Begin PBXFileReference section */
		54D217BB18EF5A4500A19583 /* iMessageStyleReveal.app */ = {isa = PBXFileReference; explicitFileType = wrapper.application; includeInIndex = 0; path = iMessageStyleReveal.app; sourceTree = BUILT_PRODUCTS_DIR; };
		54D217BE18EF5A4500A19583 /* Foundation.framework */ = {isa = PBXFileReference; lastKnownFileType = wrapper.framework; name = Foundation.framework; path = System/Library/Frameworks/Foundation.framework; sourceTree = SDKROOT; };
		54D217C018EF5A4500A19583 /* CoreGraphics.framework */ = {isa = PBXFileReference; lastKnownFileType = wrapper.framework; name = CoreGraphics.framework; path = System/Library/Frameworks/CoreGraphics.framework; sourceTree = SDKROOT; };
		54D217C218EF5A4500A19583 /* UIKit.framework */ = {isa = PBXFileReference; lastKnownFileType = wrapper.framework; name = UIKit.framework; path = System/Library/Frameworks/UIKit.framework; sourceTree = SDKROOT; };
		54D217C618EF5A4500A19583 /* iMessageStyleReveal-Info.plist */ = {isa = PBXFileReference; lastKnownFileType = text.plist.xml; path = "iMessageStyleReveal-Info.plist"; sourceTree = "<group>"; };
		54D217C818EF5A4500A19583 /* en */ = {isa = PBXFileReference; lastKnownFileType = text.plist.strings; name = en; path = en.lproj/InfoPlist.strings; sourceTree = "<group>"; };
		54D217CA18EF5A4500A19583 /* main.m */ = {isa = PBXFileReference; lastKnownFileType = sourcecode.c.objc; path = main.m; sourceTree = "<group>"; };
		54D217CC18EF5A4500A19583 /* iMessageStyleReveal-Prefix.pch */ = {isa = PBXFileReference; lastKnownFileType = sourcecode.c.h; path = "iMessageStyleReveal-Prefix.pch"; sourceTree = "<group>"; };
		54D217CD18EF5A4500A19583 /* SPXAppDelegate.h */ = {isa = PBXFileReference; lastKnownFileType = sourcecode.c.h; path = SPXAppDelegate.h; sourceTree = "<group>"; };
		54D217CE18EF5A4500A19583 /* SPXAppDelegate.m */ = {isa = PBXFileReference; lastKnownFileType = sourcecode.c.objc; path = SPXAppDelegate.m; sourceTree = "<group>"; };
		54D217D018EF5A4500A19583 /* Images.xcassets */ = {isa = PBXFileReference; lastKnownFileType = folder.assetcatalog; path = Images.xcassets; sourceTree = "<group>"; };
		54D217D618EF5A4500A19583 /* iMessageStyleRevealTests.xctest */ = {isa = PBXFileReference; explicitFileType = wrapper.cfbundle; includeInIndex = 0; path = iMessageStyleRevealTests.xctest; sourceTree = BUILT_PRODUCTS_DIR; };
		54D217D718EF5A4500A19583 /* XCTest.framework */ = {isa = PBXFileReference; lastKnownFileType = wrapper.framework; name = XCTest.framework; path = Library/Frameworks/XCTest.framework; sourceTree = DEVELOPER_DIR; };
		54D217DF18EF5A4500A19583 /* iMessageStyleRevealTests-Info.plist */ = {isa = PBXFileReference; lastKnownFileType = text.plist.xml; path = "iMessageStyleRevealTests-Info.plist"; sourceTree = "<group>"; };
		54D217E118EF5A4500A19583 /* en */ = {isa = PBXFileReference; lastKnownFileType = text.plist.strings; name = en; path = en.lproj/InfoPlist.strings; sourceTree = "<group>"; };
		54D217E318EF5A4500A19583 /* iMessageStyleRevealTests.m */ = {isa = PBXFileReference; lastKnownFileType = sourcecode.c.objc; path = iMessageStyleRevealTests.m; sourceTree = "<group>"; };
/* End PBXFileReference section */

/* Begin PBXFrameworksBuildPhase section */
		54D217B818EF5A4500A19583 /* Frameworks */ = {
			isa = PBXFrameworksBuildPhase;
			buildActionMask = 2147483647;
			files = (
				54D217C118EF5A4500A19583 /* CoreGraphics.framework in Frameworks */,
				54D217C318EF5A4500A19583 /* UIKit.framework in Frameworks */,
				54D217BF18EF5A4500A19583 /* Foundation.framework in Frameworks */,
			);
			runOnlyForDeploymentPostprocessing = 0;
		};
		54D217D318EF5A4500A19583 /* Frameworks */ = {
			isa = PBXFrameworksBuildPhase;
			buildActionMask = 2147483647;
			files = (
				54D217D818EF5A4500A19583 /* XCTest.framework in Frameworks */,
				54D217DA18EF5A4500A19583 /* UIKit.framework in Frameworks */,
				54D217D918EF5A4500A19583 /* Foundation.framework in Frameworks */,
			);
			runOnlyForDeploymentPostprocessing = 0;
		};
/* End PBXFrameworksBuildPhase section */

/* Begin PBXGroup section */
		54D217B218EF5A4500A19583 = {
			isa = PBXGroup;
			children = (
				54D217C418EF5A4500A19583 /* iMessageStyleReveal */,
				54D217DD18EF5A4500A19583 /* iMessageStyleRevealTests */,
				54D217BD18EF5A4500A19583 /* Frameworks */,
				54D217BC18EF5A4500A19583 /* Products */,
			);
			sourceTree = "<group>";
		};
		54D217BC18EF5A4500A19583 /* Products */ = {
			isa = PBXGroup;
			children = (
				54D217BB18EF5A4500A19583 /* iMessageStyleReveal.app */,
				54D217D618EF5A4500A19583 /* iMessageStyleRevealTests.xctest */,
			);
			name = Products;
			sourceTree = "<group>";
		};
		54D217BD18EF5A4500A19583 /* Frameworks */ = {
			isa = PBXGroup;
			children = (
				54D217BE18EF5A4500A19583 /* Foundation.framework */,
				54D217C018EF5A4500A19583 /* CoreGraphics.framework */,
				54D217C218EF5A4500A19583 /* UIKit.framework */,
				54D217D718EF5A4500A19583 /* XCTest.framework */,
			);
			name = Frameworks;
			sourceTree = "<group>";
		};
		54D217C418EF5A4500A19583 /* iMessageStyleReveal */ = {
			isa = PBXGroup;
			children = (
				54D217CD18EF5A4500A19583 /* SPXAppDelegate.h */,
				54D217CE18EF5A4500A19583 /* SPXAppDelegate.m */,
				54D217D018EF5A4500A19583 /* Images.xcassets */,
				54D217C518EF5A4500A19583 /* Supporting Files */,
			);
			path = iMessageStyleReveal;
			sourceTree = "<group>";
		};
		54D217C518EF5A4500A19583 /* Supporting Files */ = {
			isa = PBXGroup;
			children = (
				54D217C618EF5A4500A19583 /* iMessageStyleReveal-Info.plist */,
				54D217C718EF5A4500A19583 /* InfoPlist.strings */,
				54D217CA18EF5A4500A19583 /* main.m */,
				54D217CC18EF5A4500A19583 /* iMessageStyleReveal-Prefix.pch */,
			);
			name = "Supporting Files";
			sourceTree = "<group>";
		};
		54D217DD18EF5A4500A19583 /* iMessageStyleRevealTests */ = {
			isa = PBXGroup;
			children = (
				54D217E318EF5A4500A19583 /* iMessageStyleRevealTests.m */,
				54D217DE18EF5A4500A19583 /* Supporting Files */,
			);
			path = iMessageStyleRevealTests;
			sourceTree = "<group>";
		};
		54D217DE18EF5A4500A19583 /* Supporting Files */ = {
			isa = PBXGroup;
			children = (
				54D217DF18EF5A4500A19583 /* iMessageStyleRevealTests-Info.plist */,
				54D217E018EF5A4500A19583 /* InfoPlist.strings */,
			);
			name = "Supporting Files";
			sourceTree = "<group>";
		};
/* End PBXGroup section */

/* Begin PBXNativeTarget section */
		54D217BA18EF5A4500A19583 /* iMessageStyleReveal */ = {
			isa = PBXNativeTarget;
			buildConfigurationList = 54D217E718EF5A4500A19583 /* Build configuration list for PBXNativeTarget "iMessageStyleReveal" */;
			buildPhases = (
				54D217B718EF5A4500A19583 /* Sources */,
				54D217B818EF5A4500A19583 /* Frameworks */,
				54D217B918EF5A4500A19583 /* Resources */,
			);
			buildRules = (
			);
			dependencies = (
			);
			name = iMessageStyleReveal;
			productName = iMessageStyleReveal;
			productReference = 54D217BB18EF5A4500A19583 /* iMessageStyleReveal.app */;
			productType = "com.apple.product-type.application";
		};
		54D217D518EF5A4500A19583 /* iMessageStyleRevealTests */ = {
			isa = PBXNativeTarget;
			buildConfigurationList = 54D217EA18EF5A4500A19583 /* Build configuration list for PBXNativeTarget "iMessageStyleRevealTests" */;
			buildPhases = (
				54D217D218EF5A4500A19583 /* Sources */,
				54D217D318EF5A4500A19583 /* Frameworks */,
				54D217D418EF5A4500A19583 /* Resources */,
			);
			buildRules = (
			);
			dependencies = (
				54D217DC18EF5A4500A19583 /* PBXTargetDependency */,
			);
			name = iMessageStyleRevealTests;
			productName = iMessageStyleRevealTests;
			productReference = 54D217D618EF5A4500A19583 /* iMessageStyleRevealTests.xctest */;
			productType = "com.apple.product-type.bundle.unit-test";
		};
/* End PBXNativeTarget section */

/* Begin PBXProject section */
		54D217B318EF5A4500A19583 /* Project object */ = {
			isa = PBXProject;
			attributes = {
				CLASSPREFIX = SPX;
				LastUpgradeCheck = 0510;
				ORGANIZATIONNAME = Snippex;
				TargetAttributes = {
					54D217D518EF5A4500A19583 = {
						TestTargetID = 54D217BA18EF5A4500A19583;
					};
				};
			};
			buildConfigurationList = 54D217B618EF5A4500A19583 /* Build configuration list for PBXProject "iMessageStyleReveal" */;
			compatibilityVersion = "Xcode 3.2";
			developmentRegion = English;
			hasScannedForEncodings = 0;
			knownRegions = (
				en,
			);
			mainGroup = 54D217B218EF5A4500A19583;
			productRefGroup = 54D217BC18EF5A4500A19583 /* Products */;
			projectDirPath = "";
			projectRoot = "";
			targets = (
				54D217BA18EF5A4500A19583 /* iMessageStyleReveal */,
				54D217D518EF5A4500A19583 /* iMessageStyleRevealTests */,
			);
		};
/* End PBXProject section */

/* Begin PBXResourcesBuildPhase section */
		54D217B918EF5A4500A19583 /* Resources */ = {
			isa = PBXResourcesBuildPhase;
			buildActionMask = 2147483647;
			files = (
				54D217C918EF5A4500A19583 /* InfoPlist.strings in Resources */,
				54D217D118EF5A4500A19583 /* Images.xcassets in Resources */,
			);
			runOnlyForDeploymentPostprocessing = 0;
		};
		54D217D418EF5A4500A19583 /* Resources */ = {
			isa = PBXResourcesBuildPhase;
			buildActionMask = 2147483647;
			files = (
				54D217E218EF5A4500A19583 /* InfoPlist.strings in Resources */,
			);
			runOnlyForDeploymentPostprocessing = 0;
		};
/* End PBXResourcesBuildPhase section */

/* Begin PBXSourcesBuildPhase section */
		54D217B718EF5A4500A19583 /* Sources */ = {
			isa = PBXSourcesBuildPhase;
			buildActionMask = 2147483647;
			files = (
				54D217CF18EF5A4500A19583 /* SPXAppDelegate.m in Sources */,
				54D217CB18EF5A4500A19583 /* main.m in Sources */,
			);
			runOnlyForDeploymentPostprocessing = 0;
		};
		54D217D218EF5A4500A19583 /* Sources */ = {
			isa = PBXSourcesBuildPhase;
			buildActionMask = 2147483647;
			files = (
				54D217E418EF5A4500A19583 /* iMessageStyleRevealTests.m in Sources */,
			);
			runOnlyForDeploymentPostprocessing = 0;
		};
/* End PBXSourcesBuildPhase section */

/* Begin PBXTargetDependency section */
		54D217DC18EF5A4500A19583 /* PBXTargetDependency */ = {
			isa = PBXTargetDependency;
			target = 54D217BA18EF5A4500A19583 /* iMessageStyleReveal */;
			targetProxy = 54D217DB18EF5A4500A19583 /* PBXContainerItemProxy */;
		};
/* End PBXTargetDependency section */

/* Begin PBXVariantGroup section */
		54D217C718EF5A4500A19583 /* InfoPlist.strings */ = {
			isa = PBXVariantGroup;
			children = (
				54D217C818EF5A4500A19583 /* en */,
			);
			name = InfoPlist.strings;
			sourceTree = "<group>";
		};
		54D217E018EF5A4500A19583 /* InfoPlist.strings */ = {
			isa = PBXVariantGroup;
			children = (
				54D217E118EF5A4500A19583 /* en */,
			);
			name = InfoPlist.strings;
			sourceTree = "<group>";
		};
/* End PBXVariantGroup section */

/* Begin XCBuildConfiguration section */
		54D217E518EF5A4500A19583 /* Debug */ = {
			isa = XCBuildConfiguration;
			buildSettings = {
				ALWAYS_SEARCH_USER_PATHS = NO;
				CLANG_CXX_LANGUAGE_STANDARD = "gnu++0x";
				CLANG_CXX_LIBRARY = "libc++";
				CLANG_ENABLE_MODULES = YES;
				CLANG_ENABLE_OBJC_ARC = YES;
				CLANG_WARN_BOOL_CONVERSION = YES;
				CLANG_WARN_CONSTANT_CONVERSION = YES;
				CLANG_WARN_DIRECT_OBJC_ISA_USAGE = YES_ERROR;
				CLANG_WARN_EMPTY_BODY = YES;
				CLANG_WARN_ENUM_CONVERSION = YES;
				CLANG_WARN_INT_CONVERSION = YES;
				CLANG_WARN_OBJC_ROOT_CLASS = YES_ERROR;
				CLANG_WARN__DUPLICATE_METHOD_MATCH = YES;
				"CODE_SIGN_IDENTITY[sdk=iphoneos*]" = "iPhone Developer";
				COPY_PHASE_STRIP = NO;
				GCC_C_LANGUAGE_STANDARD = gnu99;
				GCC_DYNAMIC_NO_PIC = NO;
				GCC_OPTIMIZATION_LEVEL = 0;
				GCC_PREPROCESSOR_DEFINITIONS = (
					"DEBUG=1",
					"$(inherited)",
				);
				GCC_SYMBOLS_PRIVATE_EXTERN = NO;
				GCC_WARN_64_TO_32_BIT_CONVERSION = YES;
				GCC_WARN_ABOUT_RETURN_TYPE = YES_ERROR;
				GCC_WARN_UNDECLARED_SELECTOR = YES;
				GCC_WARN_UNINITIALIZED_AUTOS = YES_AGGRESSIVE;
				GCC_WARN_UNUSED_FUNCTION = YES;
				GCC_WARN_UNUSED_VARIABLE = YES;
				IPHONEOS_DEPLOYMENT_TARGET = 7.1;
				ONLY_ACTIVE_ARCH = YES;
				SDKROOT = iphoneos;
			};
			name = Debug;
		};
		54D217E618EF5A4500A19583 /* Release */ = {
			isa = XCBuildConfiguration;
			buildSettings = {
				ALWAYS_SEARCH_USER_PATHS = NO;
				CLANG_CXX_LANGUAGE_STANDARD = "gnu++0x";
				CLANG_CXX_LIBRARY = "libc++";
				CLANG_ENABLE_MODULES = YES;
				CLANG_ENABLE_OBJC_ARC = YES;
				CLANG_WARN_BOOL_CONVERSION = YES;
				CLANG_WARN_CONSTANT_CONVERSION = YES;
				CLANG_WARN_DIRECT_OBJC_ISA_USAGE = YES_ERROR;
				CLANG_WARN_EMPTY_BODY = YES;
				CLANG_WARN_ENUM_CONVERSION = YES;
				CLANG_WARN_INT_CONVERSION = YES;
				CLANG_WARN_OBJC_ROOT_CLASS = YES_ERROR;
				CLANG_WARN__DUPLICATE_METHOD_MATCH = YES;
				"CODE_SIGN_IDENTITY[sdk=iphoneos*]" = "iPhone Developer";
				COPY_PHASE_STRIP = YES;
				ENABLE_NS_ASSERTIONS = NO;
				GCC_C_LANGUAGE_STANDARD = gnu99;
				GCC_WARN_64_TO_32_BIT_CONVERSION = YES;
				GCC_WARN_ABOUT_RETURN_TYPE = YES_ERROR;
				GCC_WARN_UNDECLARED_SELECTOR = YES;
				GCC_WARN_UNINITIALIZED_AUTOS = YES_AGGRESSIVE;
				GCC_WARN_UNUSED_FUNCTION = YES;
				GCC_WARN_UNUSED_VARIABLE = YES;
				IPHONEOS_DEPLOYMENT_TARGET = 7.1;
				SDKROOT = iphoneos;
				VALIDATE_PRODUCT = YES;
			};
			name = Release;
		};
		54D217E818EF5A4500A19583 /* Debug */ = {
			isa = XCBuildConfiguration;
			buildSettings = {
				ASSETCATALOG_COMPILER_APPICON_NAME = AppIcon;
				ASSETCATALOG_COMPILER_LAUNCHIMAGE_NAME = LaunchImage;
				GCC_PRECOMPILE_PREFIX_HEADER = YES;
				GCC_PREFIX_HEADER = "iMessageStyleReveal/iMessageStyleReveal-Prefix.pch";
				INFOPLIST_FILE = "iMessageStyleReveal/iMessageStyleReveal-Info.plist";
				PRODUCT_NAME = "$(TARGET_NAME)";
				WRAPPER_EXTENSION = app;
			};
			name = Debug;
		};
		54D217E918EF5A4500A19583 /* Release */ = {
			isa = XCBuildConfiguration;
			buildSettings = {
				ASSETCATALOG_COMPILER_APPICON_NAME = AppIcon;
				ASSETCATALOG_COMPILER_LAUNCHIMAGE_NAME = LaunchImage;
				GCC_PRECOMPILE_PREFIX_HEADER = YES;
				GCC_PREFIX_HEADER = "iMessageStyleReveal/iMessageStyleReveal-Prefix.pch";
				INFOPLIST_FILE = "iMessageStyleReveal/iMessageStyleReveal-Info.plist";
				PRODUCT_NAME = "$(TARGET_NAME)";
				WRAPPER_EXTENSION = app;
			};
			name = Release;
		};
		54D217EB18EF5A4500A19583 /* Debug */ = {
			isa = XCBuildConfiguration;
			buildSettings = {
				BUNDLE_LOADER = "$(BUILT_PRODUCTS_DIR)/iMessageStyleReveal.app/iMessageStyleReveal";
				FRAMEWORK_SEARCH_PATHS = (
					"$(SDKROOT)/Developer/Library/Frameworks",
					"$(inherited)",
					"$(DEVELOPER_FRAMEWORKS_DIR)",
				);
				GCC_PRECOMPILE_PREFIX_HEADER = YES;
				GCC_PREFIX_HEADER = "iMessageStyleReveal/iMessageStyleReveal-Prefix.pch";
				GCC_PREPROCESSOR_DEFINITIONS = (
					"DEBUG=1",
					"$(inherited)",
				);
				INFOPLIST_FILE = "iMessageStyleRevealTests/iMessageStyleRevealTests-Info.plist";
				PRODUCT_NAME = "$(TARGET_NAME)";
				TEST_HOST = "$(BUNDLE_LOADER)";
				WRAPPER_EXTENSION = xctest;
			};
			name = Debug;
		};
		54D217EC18EF5A4500A19583 /* Release */ = {
			isa = XCBuildConfiguration;
			buildSettings = {
				BUNDLE_LOADER = "$(BUILT_PRODUCTS_DIR)/iMessageStyleReveal.app/iMessageStyleReveal";
				FRAMEWORK_SEARCH_PATHS = (
					"$(SDKROOT)/Developer/Library/Frameworks",
					"$(inherited)",
					"$(DEVELOPER_FRAMEWORKS_DIR)",
				);
				GCC_PRECOMPILE_PREFIX_HEADER = YES;
				GCC_PREFIX_HEADER = "iMessageStyleReveal/iMessageStyleReveal-Prefix.pch";
				INFOPLIST_FILE = "iMessageStyleRevealTests/iMessageStyleRevealTests-Info.plist";
				PRODUCT_NAME = "$(TARGET_NAME)";
				TEST_HOST = "$(BUNDLE_LOADER)";
				WRAPPER_EXTENSION = xctest;
			};
			name = Release;
		};
/* End XCBuildConfiguration section */

/* Begin XCConfigurationList section */
		54D217B618EF5A4500A19583 /* Build configuration list for PBXProject "iMessageStyleReveal" */ = {
			isa = XCConfigurationList;
			buildConfigurations = (
				54D217E518EF5A4500A19583 /* Debug */,
				54D217E618EF5A4500A19583 /* Release */,
			);
			defaultConfigurationIsVisible = 0;
			defaultConfigurationName = Release;
		};
		54D217E718EF5A4500A19583 /* Build configuration list for PBXNativeTarget "iMessageStyleReveal" */ = {
			isa = XCConfigurationList;
			buildConfigurations = (
				54D217E818EF5A4500A19583 /* Debug */,
				54D217E918EF5A4500A19583 /* Release */,
			);
			defaultConfigurationIsVisible = 0;
		};
		54D217EA18EF5A4500A19583 /* Build configuration list for PBXNativeTarget "iMessageStyleRevealTests" */ = {
			isa = XCConfigurationList;
			buildConfigurations = (
				54D217EB18EF5A4500A19583 /* Debug */,
				54D217EC18EF5A4500A19583 /* Release */,
			);
			defaultConfigurationIsVisible = 0;
		};
/* End XCConfigurationList section */
	};
	rootObject = 54D217B318EF5A4500A19583 /* Project object */;
}
